<?xml version="1.0" encoding="utf-8"?>
<Project ToolsVersion="4.0" xmlns="http://schemas.microsoft.com/developer/msbuild/2003">
  <ItemGroup>
    <Filter Include="Source Files">
      <UniqueIdentifier>{4FC737F1-C7A5-4376-A066-2A32D752A2FF}</UniqueIdentifier>
      <Extensions>cpp;c;cc;cxx;def;odl;idl;hpj;bat;asm;asmx</Extensions>
    </Filter>
    <Filter Include="Header Files">
      <UniqueIdentifier>{93995380-89BD-4b04-88EB-625FBE52EBFB}</UniqueIdentifier>
      <Extensions>h;hh;hpp;hxx;hm;inl;inc;ipp;xsd</Extensions>
    </Filter>
    <Filter Include="Resource Files">
      <UniqueIdentifier>{67DA6AB6-F800-4c08-8B7A-83BB121AAD01}</UniqueIdentifier>
      <Extensions>rc;ico;cur;bmp;dlg;rc2;rct;bin;rgs;gif;jpg;jpeg;jpe;resx;tiff;tif;png;wav;mfcribbon-ms</Extensions>
    </Filter>
    <Filter Include="Dependencies">
      <UniqueIdentifier>{2337fdfe-771f-4b2e-a624-1b4debd55db2}</UniqueIdentifier>
    </Filter>
  </ItemGroup>
  <ItemGroup>
    <ClCompile Include="src\main.cpp">
      <Filter>Source Files</Filter>
    </ClCompile>
    <ClCompile Include="src\stdafx.cpp">
      <Filter>Source Files</Filter>
    </ClCompile>
    <ClCompile Include="src\Server.cpp">
      <Filter>Source Files</Filter>
    </ClCompile>
    <ClCompile Include="..\Project1Client\src\utilities\WinSockDeleter.cpp">
      <Filter>Dependencies</Filter>
    </ClCompile>
    <ClCompile Include="..\Project1Client\src\utilities\Console.cpp">
      <Filter>Dependencies</Filter>
    </ClCompile>
    <ClCompile Include="..\Project1Client\src\math\Vector2.cpp">
      <Filter>Dependencies</Filter>
    </ClCompile>
    <ClCompile Include="..\Project1Client\src\utilities\Network.cpp">
      <Filter>Dependencies</Filter>
    </ClCompile>
    <ClCompile Include="..\Project1Client\src\utilities\PacketType.cpp">
      <Filter>Dependencies</Filter>
    </ClCompile>
    <ClCompile Include="..\Project1Client\src\game\Player.cpp">
      <Filter>Dependencies</Filter>
    </ClCompile>
    <ClCompile Include="..\Project1Client\src\graphics\Texture.cpp">
      <Filter>Dependencies</Filter>
    </ClCompile>
    <ClCompile Include="..\Project1Client\src\input\Keyhandler.cpp">
      <Filter>Dependencies</Filter>
    </ClCompile>
    <ClCompile Include="..\Project1Client\src\utilities\SdlDeleter.cpp">
      <Filter>Dependencies</Filter>
    </ClCompile>
    <ClCompile Include="..\Project1Client\src\utilities\Time.cpp">
      <Filter>Dependencies</Filter>
    </ClCompile>
  </ItemGroup>
  <ItemGroup>
    <ClInclude Include="src\stdafx.h">
      <Filter>Header Files</Filter>
    </ClInclude>
    <ClInclude Include="src\Server.h">
      <Filter>Header Files</Filter>
    </ClInclude>
    <ClInclude Include="..\Project1Client\src\utilities\WinSockDeleter.h">
      <Filter>Dependencies</Filter>
    </ClInclude>
    <ClInclude Include="..\Project1Client\src\utilities\Console.h">
      <Filter>Dependencies</Filter>
    </ClInclude>
    <ClInclude Include="..\Project1Client\src\math\Vector2.h">
      <Filter>Dependencies</Filter>
    </ClInclude>
    <ClInclude Include="..\Project1Client\src\utilities\Network.h">
      <Filter>Dependencies</Filter>
    </ClInclude>
    <ClInclude Include="..\Project1Client\src\utilities\PacketType.h">
      <Filter>Dependencies</Filter>
    </ClInclude>
    <ClInclude Include="..\Project1Client\src\game\Player.h">
      <Filter>Dependencies</Filter>
    </ClInclude>
    <ClInclude Include="..\Project1Client\src\graphics\Texture.h">
      <Filter>Dependencies</Filter>
    </ClInclude>
    <ClInclude Include="..\Project1Client\src\input\Keyhandler.h">
      <Filter>Dependencies</Filter>
    </ClInclude>
    <ClInclude Include="..\Project1Client\src\utilities\SdlDeleter.h">
      <Filter>Dependencies</Filter>
    </ClInclude>
    <ClInclude Include="..\Project1Client\src\utilities\Time.h">
      <Filter>Dependencies</Filter>
    </ClInclude>
  </ItemGroup>
  <ItemGroup>
    <None Include="res\.gitkeep">
      <Filter>Resource Files</Filter>
    </None>
  </ItemGroup>
</Project>